
Microsoft Visual Studio Solution File, Format Version 10.00
# Visual C++ Express 2008
Project("{8BC9CEB8-8B4A-11D0-8D11-00A0C91BC942}") = "template", "template.vcproj", "{F8E3E099-4901-4CC0-8285-5062BBE527AE}"
EndProject
Global
	GlobalSection(SolutionConfigurationPlatforms) = preSolution
		Debug|Win32 = Debug|Win32
		Release|Win32 = Release|Win32
	EndGlobalSection
	GlobalSection(ProjectConfigurationPlatforms) = postSolution
		{F8E3E099-4901-4CC0-8285-5062BBE527AE}.Debug|Win32.ActiveCfg = Debug|Win32
		{F8E3E099-4901-4CC0-8285-5062BBE527AE}.Debug|Win32.Build.0 = Debug|Win32
		{F8E3E099-4901-4CC0-8285-5062BBE527AE}.Release|Win32.ActiveCfg = Release|Win32
		{F8E3E099-4901-4CC0-8285-5062BBE527AE}.Release|Win32.Build.0 = Release|Win32
	EndGlobalSection
	GlobalSection(SolutionProperties) = preSolution
		HideSolutionNode = FALSE
	EndGlobalSection
EndGlobal
